{
  "name": "dojo-playground",
  "version": "1.0.0",
  "lockfileVersion": 1,
  "requires": true,
  "dependencies": {
    "dojo": {
      "version": "1.12.2",
      "resolved": "http://r.cnpmjs.org/dojo/download/dojo-1.12.2.tgz",
      "integrity": "sha1-ZKhj0MKLYxhlbP2Kj9V0iweqT9o="
    },
    "echarts": {
      "version": "3.7.1",
      "resolved": "http://r.cnpmjs.org/echarts/download/echarts-3.7.1.tgz",
      "integrity": "sha1-+tJdSxy7fsKPGw+okOmg2GBWstU=",
      "requires": {
        "zrender": "3.6.1"
      }
    },
    "vue": {
      "version": "2.4.2",
      "resolved": "http://r.cnpmjs.org/vue/download/vue-2.4.2.tgz",
      "integrity": "sha1-qYVSYfGRyXjMDcEVBTG40IFJtYw="
    },
    "zrender": {
      "version": "3.6.1",
      "resolved": "http://r.cnpmjs.org/zrender/download/zrender-3.6.1.tgz",
      "integrity": "sha1-Ni6MTrbJcKjZfITaqNZfN5Ibgms="
    }
  }
}
